
Microsoft Visual Studio Solution File, Format Version 12.00
# Visual Studio Version 16
VisualStudioVersion = 16.0.31205.134
MinimumVisualStudioVersion = 10.0.40219.1
Project("{FAE04EC0-301F-11D3-BF4B-00C04F79EFBC}") = "rick", "rick.csproj", "{E74DE7B7-E289-4231-97D3-BAE54A57F8E9}"
EndProject
Project("{9A19103F-16F7-4668-BE54-9A1E7A4F7556}") = "rick.Core", "..\rick.Core\rick.Core.csproj", "{E7ACB65E-AC0F-47A8-9CA8-2D959CA8C643}"
EndProject
Global
	GlobalSection(SolutionConfigurationPlatforms) = preSolution
		Debug|Any CPU = Debug|Any CPU
		Debug|ARM = Debug|ARM
		Debug|ARM64 = Debug|ARM64
		Debug|x64 = Debug|x64
		Debug|x86 = Debug|x86
		Release|Any CPU = Release|Any CPU
		Release|ARM = Release|ARM
		Release|ARM64 = Release|ARM64
		Release|x64 = Release|x64
		Release|x86 = Release|x86
	EndGlobalSection
	GlobalSection(ProjectConfigurationPlatforms) = postSolution
		{E74DE7B7-E289-4231-97D3-BAE54A57F8E9}.Debug|Any CPU.ActiveCfg = Debug|x86
		{E74DE7B7-E289-4231-97D3-BAE54A57F8E9}.Debug|ARM.ActiveCfg = Debug|ARM
		{E74DE7B7-E289-4231-97D3-BAE54A57F8E9}.Debug|ARM.Build.0 = Debug|ARM
		{E74DE7B7-E289-4231-97D3-BAE54A57F8E9}.Debug|ARM.Deploy.0 = Debug|ARM
		{E74DE7B7-E289-4231-97D3-BAE54A57F8E9}.Debug|ARM64.ActiveCfg = Debug|ARM64
		{E74DE7B7-E289-4231-97D3-BAE54A57F8E9}.Debug|ARM64.Build.0 = Debug|ARM64
		{E74DE7B7-E289-4231-97D3-BAE54A57F8E9}.Debug|ARM64.Deploy.0 = Debug|ARM64
		{E74DE7B7-E289-4231-97D3-BAE54A57F8E9}.Debug|x64.ActiveCfg = Debug|x64
		{E74DE7B7-E289-4231-97D3-BAE54A57F8E9}.Debug|x64.Build.0 = Debug|x64
		{E74DE7B7-E289-4231-97D3-BAE54A57F8E9}.Debug|x64.Deploy.0 = Debug|x64
		{E74DE7B7-E289-4231-97D3-BAE54A57F8E9}.Debug|x86.ActiveCfg = Debug|x86
		{E74DE7B7-E289-4231-97D3-BAE54A57F8E9}.Debug|x86.Build.0 = Debug|x86
		{E74DE7B7-E289-4231-97D3-BAE54A57F8E9}.Debug|x86.Deploy.0 = Debug|x86
		{E74DE7B7-E289-4231-97D3-BAE54A57F8E9}.Release|Any CPU.ActiveCfg = Release|x86
		{E74DE7B7-E289-4231-97D3-BAE54A57F8E9}.Release|ARM.ActiveCfg = Release|ARM
		{E74DE7B7-E289-4231-97D3-BAE54A57F8E9}.Release|ARM.Build.0 = Release|ARM
		{E74DE7B7-E289-4231-97D3-BAE54A57F8E9}.Release|ARM.Deploy.0 = Release|ARM
		{E74DE7B7-E289-4231-97D3-BAE54A57F8E9}.Release|ARM64.ActiveCfg = Release|ARM64
		{E74DE7B7-E289-4231-97D3-BAE54A57F8E9}.Release|ARM64.Build.0 = Release|ARM64
		{E74DE7B7-E289-4231-97D3-BAE54A57F8E9}.Release|ARM64.Deploy.0 = Release|ARM64
		{E74DE7B7-E289-4231-97D3-BAE54A57F8E9}.Release|x64.ActiveCfg = Release|x64
		{E74DE7B7-E289-4231-97D3-BAE54A57F8E9}.Release|x64.Build.0 = Release|x64
		{E74DE7B7-E289-4231-97D3-BAE54A57F8E9}.Release|x64.Deploy.0 = Release|x64
		{E74DE7B7-E289-4231-97D3-BAE54A57F8E9}.Release|x86.ActiveCfg = Release|x86
		{E74DE7B7-E289-4231-97D3-BAE54A57F8E9}.Release|x86.Build.0 = Release|x86
		{E74DE7B7-E289-4231-97D3-BAE54A57F8E9}.Release|x86.Deploy.0 = Release|x86
		{E7ACB65E-AC0F-47A8-9CA8-2D959CA8C643}.Debug|Any CPU.ActiveCfg = Debug|Any CPU
		{E7ACB65E-AC0F-47A8-9CA8-2D959CA8C643}.Debug|Any CPU.Build.0 = Debug|Any CPU
		{E7ACB65E-AC0F-47A8-9CA8-2D959CA8C643}.Debug|ARM.ActiveCfg = Debug|Any CPU
		{E7ACB65E-AC0F-47A8-9CA8-2D959CA8C643}.Debug|ARM.Build.0 = Debug|Any CPU
		{E7ACB65E-AC0F-47A8-9CA8-2D959CA8C643}.Debug|ARM64.ActiveCfg = Debug|Any CPU
		{E7ACB65E-AC0F-47A8-9CA8-2D959CA8C643}.Debug|ARM64.Build.0 = Debug|Any CPU
		{E7ACB65E-AC0F-47A8-9CA8-2D959CA8C643}.Debug|x64.ActiveCfg = Debug|Any CPU
		{E7ACB65E-AC0F-47A8-9CA8-2D959CA8C643}.Debug|x64.Build.0 = Debug|Any CPU
		{E7ACB65E-AC0F-47A8-9CA8-2D959CA8C643}.Debug|x86.ActiveCfg = Debug|Any CPU
		{E7ACB65E-AC0F-47A8-9CA8-2D959CA8C643}.Debug|x86.Build.0 = Debug|Any CPU
		{E7ACB65E-AC0F-47A8-9CA8-2D959CA8C643}.Release|Any CPU.ActiveCfg = Release|Any CPU
		{E7ACB65E-AC0F-47A8-9CA8-2D959CA8C643}.Release|Any CPU.Build.0 = Release|Any CPU
		{E7ACB65E-AC0F-47A8-9CA8-2D959CA8C643}.Release|ARM.ActiveCfg = Release|Any CPU
		{E7ACB65E-AC0F-47A8-9CA8-2D959CA8C643}.Release|ARM.Build.0 = Release|Any CPU
		{E7ACB65E-AC0F-47A8-9CA8-2D959CA8C643}.Release|ARM64.ActiveCfg = Release|Any CPU
		{E7ACB65E-AC0F-47A8-9CA8-2D959CA8C643}.Release|ARM64.Build.0 = Release|Any CPU
		{E7ACB65E-AC0F-47A8-9CA8-2D959CA8C643}.Release|x64.ActiveCfg = Release|Any CPU
		{E7ACB65E-AC0F-47A8-9CA8-2D959CA8C643}.Release|x64.Build.0 = Release|Any CPU
		{E7ACB65E-AC0F-47A8-9CA8-2D959CA8C643}.Release|x86.ActiveCfg = Release|Any CPU
		{E7ACB65E-AC0F-47A8-9CA8-2D959CA8C643}.Release|x86.Build.0 = Release|Any CPU
	EndGlobalSection
	GlobalSection(SolutionProperties) = preSolution
		HideSolutionNode = FALSE
	EndGlobalSection
	GlobalSection(ExtensibilityGlobals) = postSolution
		SolutionGuid = {C0062F76-0423-49EE-9311-2A52C4F1A309}
	EndGlobalSection
EndGlobal
